# THIS IS AN AUTOGENERATED FILE. DO NOT EDIT THIS FILE DIRECTLY.
# yarn lockfile v1


"@notionhq/client@^0.2.1":
  version "0.2.4"
  resolved "https://registry.yarnpkg.com/@notionhq/client/-/client-0.2.4.tgz#8d908a781501f4110166af05ef2da61c00782422"
  integrity sha512-omokCm0TwRH0DTCkHGCX4V4jEd7XQoMvQ9d7bcLn+mZgnTW5uU50T+vqQudr6p3y3BMeCXROI/u+JmU2RJT/AQ==
  dependencies:
    "@types/node-fetch" "^2.5.10"
    node-fetch "^2.6.1"

"@types/node-fetch@^2.5.10":
  version "2.5.12"
  resolved "https://registry.yarnpkg.com/@types/node-fetch/-/node-fetch-2.5.12.tgz#8a6f779b1d4e60b7a57fb6fd48d84fb545b9cc66"
  integrity sha512-MKgC4dlq4kKNa/mYrwpKfzQMB5X3ee5U6fSprkKpToBqBmX4nFZL9cW5jl6sWn+xpRJ7ypWh2yyqqr8UUCstSw==
  dependencies:
    "@types/node" "*"
    form-data "^3.0.0"

"@types/node@*":
  version "17.0.13"
  resolved "https://registry.yarnpkg.com/@types/node/-/node-17.0.13.tgz#5ed7ed7c662948335fcad6c412bb42d99ea754e3"
  integrity sha512-Y86MAxASe25hNzlDbsviXl8jQHb0RDvKt4c40ZJQ1Don0AAL0STLZSs4N+6gLEO55pedy7r2cLwS+ZDxPm/2Bw==

asynckit@^0.4.0:
  version "0.4.0"
  resolved "https://registry.yarnpkg.com/asynckit/-/asynckit-0.4.0.tgz#c79ed97f7f34cb8f2ba1bc9790bcc366474b4b79"
  integrity sha1-x57Zf380y48robyXkLzDZkdLS3k=

axios@^0.21.1:
  version "0.21.4"
  resolved "https://registry.yarnpkg.com/axios/-/axios-0.21.4.tgz#c67b90dc0568e5c1cf2b0b858c43ba28e2eda575"
  integrity sha512-ut5vewkiu8jjGBdqpM44XxjuCjq9LAKeHVmoVfHVzy8eHgxxq8SbAVQNovDA8mVi05kP0Ea/n/UzcSHcTJQfNg==
  dependencies:
    follow-redirects "^1.14.0"

combined-stream@^1.0.8:
  version "1.0.8"
  resolved "https://registry.yarnpkg.com/combined-stream/-/combined-stream-1.0.8.tgz#c3d45a8b34fd730631a110a8a2520682b31d5a7f"
  integrity sha512-FQN4MRfuJeHf7cBbBMJFXhKSDq+2kAArBlmRBvcvFE5BB1HZKXtSFASDhdlz9zOYwxh8lDdnvmMOe/+5cdoEdg==
  dependencies:
    delayed-stream "~1.0.0"

delayed-stream@~1.0.0:
  version "1.0.0"
  resolved "https://registry.yarnpkg.com/delayed-stream/-/delayed-stream-1.0.0.tgz#df3ae199acadfb7d440aaae0b29e2272b24ec619"
  integrity sha1-3zrhmayt+31ECqrgsp4icrJOxhk=

dotenv@^10.0.0:
  version "10.0.0"
  resolved "https://registry.yarnpkg.com/dotenv/-/dotenv-10.0.0.tgz#3d4227b8fb95f81096cdd2b66653fb2c7085ba81"
  integrity sha512-rlBi9d8jpv9Sf1klPjNfFAuWDjKLwTIJJ/VxtoTwIR6hnZxcEOQCZg2oIL3MWBYw5GpUDKOEnND7LXTbIpQ03Q==

follow-redirects@^1.14.0:
  version "1.14.7"
  resolved "https://registry.yarnpkg.com/follow-redirects/-/follow-redirects-1.14.7.tgz#2004c02eb9436eee9a21446a6477debf17e81685"
  integrity sha512-+hbxoLbFMbRKDwohX8GkTataGqO6Jb7jGwpAlwgy2bIz25XtRm7KEzJM76R1WiNT5SwZkX4Y75SwBolkpmE7iQ==

form-data@^3.0.0:
  version "3.0.1"
  resolved "https://registry.yarnpkg.com/form-data/-/form-data-3.0.1.tgz#ebd53791b78356a99af9a300d4282c4d5eb9755f"
  integrity sha512-RHkBKtLWUVwd7SqRIvCZMEvAMoGUp0XU+seQiZejj0COz3RI3hWP4sCv3gZWWLjJTd7rGwcsF5eKZGii0r/hbg==
  dependencies:
    asynckit "^0.4.0"
    combined-stream "^1.0.8"
    mime-types "^2.1.12"

mime-db@1.51.0:
  version "1.51.0"
  resolved "https://registry.yarnpkg.com/mime-db/-/mime-db-1.51.0.tgz#d9ff62451859b18342d960850dc3cfb77e63fb0c"
  integrity sha512-5y8A56jg7XVQx2mbv1lu49NR4dokRnhZYTtL+KGfaa27uq4pSTXkwQkFJl4pkRMyNFz/EtYDSkiiEHx3F7UN6g==

mime-types@^2.1.12:
  version "2.1.34"
  resolved "https://registry.yarnpkg.com/mime-types/-/mime-types-2.1.34.tgz#5a712f9ec1503511a945803640fafe09d3793c24"
  integrity sha512-6cP692WwGIs9XXdOO4++N+7qjqv0rqxxVvJ3VHPh/Sc9mVZcQP+ZGhkKiTvWMQRr2tbHkJP/Yn7Y0npb3ZBs4A==
  dependencies:
    mime-db "1.51.0"

moment-timezone@^0.5.31:
  version "0.5.34"
  resolved "https://registry.yarnpkg.com/moment-timezone/-/moment-timezone-0.5.34.tgz#a75938f7476b88f155d3504a9343f7519d9a405c"
  integrity sha512-3zAEHh2hKUs3EXLESx/wsgw6IQdusOT8Bxm3D9UrHPQR7zlMmzwybC8zHEM1tQ4LJwP7fcxrWr8tuBg05fFCbg==
  dependencies:
    moment ">= 2.9.0"

"moment@>= 2.9.0":
  version "2.29.1"
  resolved "https://registry.yarnpkg.com/moment/-/moment-2.29.1.tgz#b2be769fa31940be9eeea6469c075e35006fa3d3"
  integrity sha512-kHmoybcPV8Sqy59DwNDY3Jefr64lK/by/da0ViFcuA4DH0vQg5Q6Ze5VimxkfQNSC+Mls/Kx53s7TjP1RhFEDQ==

node-cron@^3.0.0:
  version "3.0.0"
  resolved "https://registry.yarnpkg.com/node-cron/-/node-cron-3.0.0.tgz#b33252803e430f9cd8590cf85738efa1497a9522"
  integrity sha512-DDwIvvuCwrNiaU7HEivFDULcaQualDv7KoNlB/UU1wPW0n1tDEmBJKhEIE6DlF2FuoOHcNbLJ8ITL2Iv/3AWmA==
  dependencies:
    moment-timezone "^0.5.31"

node-fetch@^2.6.1:
  version "2.6.7"
  resolved "https://registry.yarnpkg.com/node-fetch/-/node-fetch-2.6.7.tgz#24de9fba827e3b4ae44dc8b20256a379160052ad"
  integrity sha512-ZjMPFEfVx5j+y2yF35Kzx5sF7kDzxuDj6ziH4FFbOp87zKDZNx8yExJIb05OGF4Nlt9IHFIMBkRl41VdvcNdbQ==
  dependencies:
    whatwg-url "^5.0.0"

tr46@~0.0.3:
  version "0.0.3"
  resolved "https://registry.yarnpkg.com/tr46/-/tr46-0.0.3.tgz#8184fd347dac9cdc185992f3a6622e14b9d9ab6a"
  integrity sha1-gYT9NH2snNwYWZLzpmIuFLnZq2o=

webidl-conversions@^3.0.0:
  version "3.0.1"
  resolved "https://registry.yarnpkg.com/webidl-conversions/-/webidl-conversions-3.0.1.tgz#24534275e2a7bc6be7bc86611cc16ae0a5654871"
  integrity sha1-JFNCdeKnvGvnvIZhHMFq4KVlSHE=

whatwg-url@^5.0.0:
  version "5.0.0"
  resolved "https://registry.yarnpkg.com/whatwg-url/-/whatwg-url-5.0.0.tgz#966454e8765462e37644d3626f6742ce8b70965d"
  integrity sha1-lmRU6HZUYuN2RNNib2dCzotwll0=
  dependencies:
    tr46 "~0.0.3"
    webidl-conversions "^3.0.0"
